
Microsoft Visual Studio Solution File, Format Version 12.00
# Visual Studio Version 16
VisualStudioVersion = 16.0.30907.101
MinimumVisualStudioVersion = 10.0.40219.1
Project("{9A19103F-16F7-4668-BE54-9A1E7A4F7556}") = "CrmDataPackager", "src\dotnet\CrmDataPackager\CrmDataPackager.csproj", "{01656D50-B147-4D98-81A5-EAF0AA7DB3C5}"
EndProject
Project("{9A19103F-16F7-4668-BE54-9A1E7A4F7556}") = "Build", "src\dotnet\Build\Build.csproj", "{9E3050D8-E3FA-49AD-AF55-6AF2B1D55F74}"
EndProject
Project("{FAE04EC0-301F-11D3-BF4B-00C04F79EFBC}") = "YamlTests", "tests\YamlTests\YamlTests.csproj", "{C568F107-2031-4FF8-BFB2-C7ADF851B818}"
EndProject
Global
	GlobalSection(SolutionConfigurationPlatforms) = preSolution
		Debug|Any CPU = Debug|Any CPU
		Release|Any CPU = Release|Any CPU
	EndGlobalSection
	GlobalSection(ProjectConfigurationPlatforms) = postSolution
		{01656D50-B147-4D98-81A5-EAF0AA7DB3C5}.Debug|Any CPU.ActiveCfg = Debug|Any CPU
		{01656D50-B147-4D98-81A5-EAF0AA7DB3C5}.Debug|Any CPU.Build.0 = Debug|Any CPU
		{01656D50-B147-4D98-81A5-EAF0AA7DB3C5}.Release|Any CPU.ActiveCfg = Release|Any CPU
		{01656D50-B147-4D98-81A5-EAF0AA7DB3C5}.Release|Any CPU.Build.0 = Release|Any CPU
		{9E3050D8-E3FA-49AD-AF55-6AF2B1D55F74}.Debug|Any CPU.ActiveCfg = Debug|Any CPU
		{9E3050D8-E3FA-49AD-AF55-6AF2B1D55F74}.Debug|Any CPU.Build.0 = Debug|Any CPU
		{9E3050D8-E3FA-49AD-AF55-6AF2B1D55F74}.Release|Any CPU.ActiveCfg = Release|Any CPU
		{9E3050D8-E3FA-49AD-AF55-6AF2B1D55F74}.Release|Any CPU.Build.0 = Release|Any CPU
		{C568F107-2031-4FF8-BFB2-C7ADF851B818}.Debug|Any CPU.ActiveCfg = Debug|Any CPU
		{C568F107-2031-4FF8-BFB2-C7ADF851B818}.Debug|Any CPU.Build.0 = Debug|Any CPU
		{C568F107-2031-4FF8-BFB2-C7ADF851B818}.Release|Any CPU.ActiveCfg = Release|Any CPU
		{C568F107-2031-4FF8-BFB2-C7ADF851B818}.Release|Any CPU.Build.0 = Release|Any CPU
	EndGlobalSection
	GlobalSection(SolutionProperties) = preSolution
		HideSolutionNode = FALSE
	EndGlobalSection
	GlobalSection(ExtensibilityGlobals) = postSolution
		SolutionGuid = {277F730A-0C27-49F5-BF5B-211AD333C059}
	EndGlobalSection
EndGlobal
